{
  "name": "trackcli",
  "version": "0.1.1",
  "lockfileVersion": 3,
  "requires": true,
  "packages": {
    "": {
      "name": "trackcli",
      "version": "0.1.1",
      "license": "MIT",
      "bin": {
        "songbird": "bin/trackcli.js",
        "track": "bin/trackcli.js",
        "trackcli": "bin/trackcli.js"
      },
      "engines": {
        "node": ">=20"
      }
    }
  }
}
